
Microsoft Visual Studio Solution File, Format Version 12.00
# Visual Studio Version 16
VisualStudioVersion = 16.0.29709.97
MinimumVisualStudioVersion = 10.0.40219.1
Project("{FAE04EC0-301F-11D3-BF4B-00C04F79EFBC}") = "CSTestODataRESTServiceCore", "CSTestODataRESTServiceCore\CSTestODataRESTServiceCore.csproj", "{1ADD879D-FD7A-4311-A969-3C763E0F73C3}"
EndProject
Global
	GlobalSection(SolutionConfigurationPlatforms) = preSolution
		Debug|Any CPU = Debug|Any CPU
		Release|Any CPU = Release|Any CPU
	EndGlobalSection
	GlobalSection(ProjectConfigurationPlatforms) = postSolution
		{1ADD879D-FD7A-4311-A969-3C763E0F73C3}.Debug|Any CPU.ActiveCfg = Debug|Any CPU
		{1ADD879D-FD7A-4311-A969-3C763E0F73C3}.Debug|Any CPU.Build.0 = Debug|Any CPU
		{1ADD879D-FD7A-4311-A969-3C763E0F73C3}.Release|Any CPU.ActiveCfg = Release|Any CPU
		{1ADD879D-FD7A-4311-A969-3C763E0F73C3}.Release|Any CPU.Build.0 = Release|Any CPU
	EndGlobalSection
	GlobalSection(SolutionProperties) = preSolution
		HideSolutionNode = FALSE
	EndGlobalSection
	GlobalSection(ExtensibilityGlobals) = postSolution
		SolutionGuid = {2A304666-1B9E-4F7E-8958-463BBE466B0A}
	EndGlobalSection
EndGlobal
